
Microsoft Visual Studio Solution File, Format Version 12.00
# Visual Studio Version 17
VisualStudioVersion = 17.0.32126.317
MinimumVisualStudioVersion = 10.0.40219.1
Project("{FAE04EC0-301F-11D3-BF4B-00C04F79EFBC}") = "Rocky", "Rocky\Rocky.csproj", "{FF2DCC05-47F2-4677-8EC6-BE97FE4D4BF9}"
EndProject
Global
	GlobalSection(SolutionConfigurationPlatforms) = preSolution
		Debug|Any CPU = Debug|Any CPU
		Release|Any CPU = Release|Any CPU
	EndGlobalSection
	GlobalSection(ProjectConfigurationPlatforms) = postSolution
		{FF2DCC05-47F2-4677-8EC6-BE97FE4D4BF9}.Debug|Any CPU.ActiveCfg = Debug|Any CPU
		{FF2DCC05-47F2-4677-8EC6-BE97FE4D4BF9}.Debug|Any CPU.Build.0 = Debug|Any CPU
		{FF2DCC05-47F2-4677-8EC6-BE97FE4D4BF9}.Release|Any CPU.ActiveCfg = Release|Any CPU
		{FF2DCC05-47F2-4677-8EC6-BE97FE4D4BF9}.Release|Any CPU.Build.0 = Release|Any CPU
	EndGlobalSection
	GlobalSection(SolutionProperties) = preSolution
		HideSolutionNode = FALSE
	EndGlobalSection
	GlobalSection(ExtensibilityGlobals) = postSolution
		SolutionGuid = {99755215-467C-4A39-A1E6-7686C9D017E3}
	EndGlobalSection
EndGlobal
